# THIS IS AN AUTOGENERATED FILE. DO NOT EDIT THIS FILE DIRECTLY.
# yarn lockfile v1


"@react-native-masked-view/masked-view@^0.2.0":
  version "0.2.0"
  resolved "https://registry.yarnpkg.com/@react-native-masked-view/masked-view/-/masked-view-0.2.0.tgz#3309ada28dafd7ac1fead4eb99286acd43180b2a"
  integrity sha512-OXYHN8lRvqLHPM2qB4wagcV1thCzR/PmFaJPOIsq+KU7PBmB0CY5DaC5WCPbyzGP8X9ehVmmK/yWlew3GJIgnQ==

"@types/prop-types@*", "@types/prop-types@^15.7.3":
  version "15.7.3"
  resolved "https://registry.yarnpkg.com/@types/prop-types/-/prop-types-15.7.3.tgz#2ab0d5da2e5815f94b0b9d4b95d1e5f243ab2ca7"
  integrity sha512-KfRL3PuHmqQLOG+2tGpRO26Ctg+Cq1E01D2DMriKEATHgWLfeNDmq9e29Q9WIky0dQ3NPkd1mzYH8Lm936Z9qw==

"@types/react-native@^0.63.17":
  version "0.63.34"
  resolved "https://registry.yarnpkg.com/@types/react-native/-/react-native-0.63.34.tgz#745270747308a09266eb061d9e1423d365670396"
  integrity sha512-6syTIfUt+DY4mJBoO0Y5i4jsDg0I7v31XIPRgsJZAlHeMY9p9GehtGd4VpQKB/NgzLiGzx9ahJPE8w+0lt/WxA==
  dependencies:
    "@types/react" "*"

"@types/react@*", "@types/react@^16.9.17":
  version "16.9.56"
  resolved "https://registry.yarnpkg.com/@types/react/-/react-16.9.56.tgz#ea25847b53c5bec064933095fc366b1462e2adf0"
  integrity sha512-gIkl4J44G/qxbuC6r2Xh+D3CGZpJ+NdWTItAPmZbR5mUS+JQ8Zvzpl0ea5qT/ZT3ZNTUcDKUVqV3xBE8wv/DyQ==
  dependencies:
    "@types/prop-types" "*"
    csstype "^3.0.2"

csstype@^3.0.2:
  version "3.0.5"
  resolved "https://registry.yarnpkg.com/csstype/-/csstype-3.0.5.tgz#7fdec6a28a67ae18647c51668a9ff95bb2fa7bb8"
  integrity sha512-uVDi8LpBUKQj6sdxNaTetL6FpeCqTjOvAQuQUa/qAqq8oOd4ivkbhgnqayl0dnPal8Tb/yB1tF+gOvCBiicaiQ==

typescript@^4.0.2:
  version "4.0.5"
  resolved "https://registry.yarnpkg.com/typescript/-/typescript-4.0.5.tgz#ae9dddfd1069f1cb5beb3ef3b2170dd7c1332389"
  integrity sha512-ywmr/VrTVCmNTJ6iV2LwIrfG1P+lv6luD8sUJs+2eI9NLGigaN+nUQc13iHqisq7bra9lnmUSYqbJvegraBOPQ==
