# THIS IS AN AUTOGENERATED FILE. DO NOT EDIT THIS FILE DIRECTLY.
# yarn lockfile v1


"@react-native-masked-view/masked-view@^0.2.3":
  version "0.2.3"
  resolved "https://registry.yarnpkg.com/@react-native-masked-view/masked-view/-/masked-view-0.2.3.tgz#5f7a39be4787c89d5b35ac80de2ea5d0a0bb64d7"
  integrity sha512-t8VcdaFbyXscNs26h/NCsPqVjawWHhIMzGBR9oCIx6kbDa7JW3Q67lNLGkzDudSVnw3Qv09JZrkLXXOGjOABpg==

"@types/prop-types@*", "@types/prop-types@^15.7.3":
  version "15.7.3"
  resolved "https://registry.npmjs.org/@types/prop-types/-/prop-types-15.7.3.tgz"
  integrity sha512-KfRL3PuHmqQLOG+2tGpRO26Ctg+Cq1E01D2DMriKEATHgWLfeNDmq9e29Q9WIky0dQ3NPkd1mzYH8Lm936Z9qw==

"@types/react-native@^0.63.17":
  version "0.63.17"
  resolved "https://registry.npmjs.org/@types/react-native/-/react-native-0.63.17.tgz"
  integrity sha512-xSU9JCHKGqC5Mxnqoc5xs4dquo2bW3ttNqz7IWRtHqEKQvbDcXUgZPNNqEKBiq+5ifMcJs5Dex7jgu8ywKoXBA==
  dependencies:
    "@types/react" "*"

"@types/react@*", "@types/react@^16.9.17":
  version "16.9.49"
  resolved "https://registry.npmjs.org/@types/react/-/react-16.9.49.tgz"
  integrity sha512-DtLFjSj0OYAdVLBbyjhuV9CdGVHCkHn2R+xr3XkBvK2rS1Y1tkc14XSGjYgm5Fjjr90AxH9tiSzc1pCFMGO06g==
  dependencies:
    "@types/prop-types" "*"
    csstype "^3.0.2"

csstype@^3.0.2:
  version "3.0.3"
  resolved "https://registry.npmjs.org/csstype/-/csstype-3.0.3.tgz"
  integrity sha512-jPl+wbWPOWJ7SXsWyqGRk3lGecbar0Cb0OvZF/r/ZU011R4YqiRehgkQ9p4eQfo9DSDLqLL3wHwfxeJiuIsNag==

react-native-linear-gradient@^2.5.6:
  version "2.5.6"
  resolved "https://registry.yarnpkg.com/react-native-linear-gradient/-/react-native-linear-gradient-2.5.6.tgz#96215cbc5ec7a01247a20890888aa75b834d44a0"
  integrity sha512-HDwEaXcQIuXXCV70O+bK1rizFong3wj+5Q/jSyifKFLg0VWF95xh8XQgfzXwtq0NggL9vNjPKXa016KuFu+VFg==

typescript@^4.0.2:
  version "4.0.2"
  resolved "https://registry.npmjs.org/typescript/-/typescript-4.0.2.tgz"
  integrity sha512-e4ERvRV2wb+rRZ/IQeb3jm2VxBsirQLpQhdxplZ2MEzGvDkkMmPglecnNDfSUBivMjP93vRbngYYDQqQ/78bcQ==
